
Microsoft Visual Studio Solution File, Format Version 12.00
# Visual Studio Version 17
VisualStudioVersion = 17.0.32112.339
MinimumVisualStudioVersion = 10.0.40219.1
Project("{9A19103F-16F7-4668-BE54-9A1E7A4F7556}") = "ReverseArray", "ReverseArray\ReverseArray.csproj", "{F4609178-AA3B-4588-8133-0DCB11396444}"
EndProject
Project("{9A19103F-16F7-4668-BE54-9A1E7A4F7556}") = "LeftShiftArray", "LeftShiftArray\LeftShiftArray.csproj", "{69C43A7C-78EE-46D5-8B78-5D2C97A3D1DF}"
EndProject
Project("{9A19103F-16F7-4668-BE54-9A1E7A4F7556}") = "StringSearch", "StringSearch\StringSearch.csproj", "{3DDBDCB0-E480-4A17-9AD5-09FDDA90401F}"
EndProject
Project("{9A19103F-16F7-4668-BE54-9A1E7A4F7556}") = "DynamicArray", "DynamicArray\DynamicArray.csproj", "{72D2E2C6-17F4-4A4F-8934-3E60B4D08433}"
EndProject
Project("{2150E333-8FDC-42A3-9474-1A3956D46DE8}") = "Arrays", "Arrays", "{EC18B69B-598C-48A0-A669-2C5CCED172FE}"
EndProject
Project("{2150E333-8FDC-42A3-9474-1A3956D46DE8}") = "LinkedList", "LinkedList", "{2ABFA086-F356-47F8-8E9B-3A83168AD0B8}"
EndProject
Project("{9A19103F-16F7-4668-BE54-9A1E7A4F7556}") = "ReverseLinkedList", "ReverseLinkedList\ReverseLinkedList.csproj", "{634DFADD-87CB-4B96-A0C4-A71E672A432B}"
EndProject
Project("{9A19103F-16F7-4668-BE54-9A1E7A4F7556}") = "CompareTwoList", "CompareTwoList\CompareTwoList.csproj", "{1D24097C-CB98-4AD2-8498-1AA6CC199BFC}"
EndProject
Project("{2150E333-8FDC-42A3-9474-1A3956D46DE8}") = "Codality", "Codality", "{6CCB166D-9C8F-4FAD-95F2-690D981D0A89}"
EndProject
Project("{9A19103F-16F7-4668-BE54-9A1E7A4F7556}") = "BinaryGap", "BinaryGap\BinaryGap.csproj", "{5530C5C8-FA9E-4ABF-B255-49C26A5EAC84}"
EndProject
Project("{9A19103F-16F7-4668-BE54-9A1E7A4F7556}") = "MergeSortedLinkedList", "MergeSortedLinkedList\MergeSortedLinkedList.csproj", "{C3673759-54D0-444D-8538-A6729DABEC88}"
EndProject
Project("{9A19103F-16F7-4668-BE54-9A1E7A4F7556}") = "GetNodeValue", "GetNodeValue\GetNodeValue.csproj", "{AF06B63A-68D8-46CF-9ECE-062924F6C2BC}"
EndProject
Project("{9A19103F-16F7-4668-BE54-9A1E7A4F7556}") = "RemoveDuplicateNodeValues", "RemoveDuplicateNodeValues\RemoveDuplicateNodeValues.csproj", "{F9689F86-A418-4BAF-8A21-6ED1F9C2DE23}"
EndProject
Project("{9A19103F-16F7-4668-BE54-9A1E7A4F7556}") = "CycleLinkedList", "CycleLinkedList\CycleLinkedList.csproj", "{A8C1E615-0F1E-4BF6-ACE3-04514CEA1508}"
EndProject
Project("{9A19103F-16F7-4668-BE54-9A1E7A4F7556}") = "MergePointOfTwoLinkedList", "MergePointOfTwoLinkedList\MergePointOfTwoLinkedList.csproj", "{529F37B4-96A2-4C45-8CE5-85E447D21573}"
EndProject
Project("{9A19103F-16F7-4668-BE54-9A1E7A4F7556}") = "DoublyLinkedListInsert", "DoublyLinkedListInsert\DoublyLinkedListInsert.csproj", "{D5CEE7AE-358C-458C-AB31-E49F5282283F}"
EndProject
Project("{9A19103F-16F7-4668-BE54-9A1E7A4F7556}") = "ReverseDoublyLinkedList", "ReverseDoublyLinkedList\ReverseDoublyLinkedList.csproj", "{B0D7335C-9CF3-4B1E-8790-D36C5FF8C885}"
EndProject
Project("{2150E333-8FDC-42A3-9474-1A3956D46DE8}") = "Stack", "Stack", "{B2679589-C76B-4887-98D2-2914BFAA9AF7}"
EndProject
Project("{9A19103F-16F7-4668-BE54-9A1E7A4F7556}") = "StackOperations", "StackOperations\StackOperations.csproj", "{4844F2B8-77B6-4032-99F4-FA8AC382B417}"
EndProject
Project("{9A19103F-16F7-4668-BE54-9A1E7A4F7556}") = "EqualStacks", "EqualStacks\EqualStacks.csproj", "{E52E463B-08DA-4EFA-BAEF-268B11776302}"
EndProject
Project("{9A19103F-16F7-4668-BE54-9A1E7A4F7556}") = "BalancedStacks", "BalancedStacks\BalancedStacks.csproj", "{EA408DF7-F116-4C70-B624-CDB32530CBD2}"
EndProject
Project("{9A19103F-16F7-4668-BE54-9A1E7A4F7556}") = "GameOfTwoStacks", "GameOfTwoStacks\GameOfTwoStacks.csproj", "{4794C34B-0758-4693-BCB0-2918A0CADCAF}"
EndProject
Project("{9A19103F-16F7-4668-BE54-9A1E7A4F7556}") = "LargestRectangle", "LargestRectangle\LargestRectangle.csproj", "{49DDA031-3731-45C6-8960-B84CDDEB6FE6}"
EndProject
Project("{9A19103F-16F7-4668-BE54-9A1E7A4F7556}") = "SimpleTextEditor", "SimpleTextEditor\SimpleTextEditor.csproj", "{D9315B3E-DCD1-45CC-9B27-6965AF826733}"
EndProject
Project("{9A19103F-16F7-4668-BE54-9A1E7A4F7556}") = "ANDXOROR", "ANDXOROR\ANDXOROR.csproj", "{221411F3-F162-4687-B65D-1F0C45879E4D}"
EndProject
Project("{9A19103F-16F7-4668-BE54-9A1E7A4F7556}") = "Waiter", "Waiter\Waiter.csproj", "{A713F9B8-658B-417B-B1DC-551416D448BA}"
EndProject
Project("{9A19103F-16F7-4668-BE54-9A1E7A4F7556}") = "PoisonousPlants", "PoisonousPlants\PoisonousPlants.csproj", "{DF809234-BF67-43E0-9C1F-D0DF2CE774F1}"
EndProject
Project("{2150E333-8FDC-42A3-9474-1A3956D46DE8}") = "Queue", "Queue", "{F1332C0D-7366-47ED-8D8D-BF1A9241233B}"
EndProject
Project("{9A19103F-16F7-4668-BE54-9A1E7A4F7556}") = "QueueUsing2Stack", "QueueUsing2Stack\QueueUsing2Stack.csproj", "{ED86CBAD-5461-46DC-93B5-3A1A18AA977B}"
EndProject
Project("{9A19103F-16F7-4668-BE54-9A1E7A4F7556}") = "88-LeetCode", "88-LeetCode\88-LeetCode.csproj", "{FD94C2F2-8439-48AB-A554-BD48624D7D83}"
EndProject
Project("{9A19103F-16F7-4668-BE54-9A1E7A4F7556}") = "118-PascalsTriangle", "118-PascalsTriangle\118-PascalsTriangle.csproj", "{9D06CB90-021D-4D37-9306-4B7C3C0A68F0}"
EndProject
Project("{9A19103F-16F7-4668-BE54-9A1E7A4F7556}") = "119-PascalsTriangle2", "119-PascalsTriangle2\119-PascalsTriangle2.csproj", "{DF97EBB2-1265-4ACC-A305-01AD06AF08D8}"
EndProject
Project("{9A19103F-16F7-4668-BE54-9A1E7A4F7556}") = "121-BestTimeToBuyAndSellStock", "121-BestTimeToBuyAndSellStock\121-BestTimeToBuyAndSellStock.csproj", "{50EA5642-FF63-49D3-9144-CFC51B3DE73B}"
EndProject
Project("{9A19103F-16F7-4668-BE54-9A1E7A4F7556}") = "136-SingleNumber", "136-SingleNumber\136-SingleNumber.csproj", "{12CF1E14-D904-48B5-829B-177656CFCBE6}"
EndProject
Project("{2150E333-8FDC-42A3-9474-1A3956D46DE8}") = "Strings", "Strings", "{51D042AB-D6CC-4B18-9FD1-FEF353645AD1}"
EndProject
Project("{9A19103F-16F7-4668-BE54-9A1E7A4F7556}") = "14-LongestCommonPrefix", "14-LongestCommonPrefix\14-LongestCommonPrefix.csproj", "{2A5C7DDA-5C17-4EA3-A90F-2D69E4BB2A39}"
EndProject
Project("{9A19103F-16F7-4668-BE54-9A1E7A4F7556}") = "283-MoveZeros", "283-MoveZeros\283-MoveZeros.csproj", "{CC294CB9-46CA-4F3A-AA22-FF509FC542D2}"
EndProject
Project("{9A19103F-16F7-4668-BE54-9A1E7A4F7556}") = "392-IsSubsequence", "392-IsSubsequence\392-IsSubsequence.csproj", "{FC65168D-3285-4907-9BB8-1C7B5DBCFD22}"
EndProject
Project("{2150E333-8FDC-42A3-9474-1A3956D46DE8}") = "HashMap", "HashMap", "{12F57F5D-AEAA-42AA-BC69-C9961A07B32E}"
EndProject
Project("{9A19103F-16F7-4668-BE54-9A1E7A4F7556}") = "706-DesignHashMap", "706-DesignHashMap\706-DesignHashMap.csproj", "{11D660AE-2FD1-4E0E-B058-9330433B4353}"
EndProject
Project("{9A19103F-16F7-4668-BE54-9A1E7A4F7556}") = "303-RangeSumQuery-Immutable", "303-RangeSumQuery-Immutable\303-RangeSumQuery-Immutable.csproj", "{8219F550-234C-4FE8-ABF3-8A8933CB4149}"
EndProject
Project("{9A19103F-16F7-4668-BE54-9A1E7A4F7556}") = "643-Maximum Average Subarray", "643-Maximum Average Subarray\643-Maximum Average Subarray.csproj", "{A6DAA2CB-2461-47B7-8984-D26CDFBE0AF5}"
EndProject
Project("{9A19103F-16F7-4668-BE54-9A1E7A4F7556}") = "169-MajorityElement-Basic", "169-MajorityElement-Basic\169-MajorityElement-Basic.csproj", "{E113A435-0127-40E7-9876-E6913CE1FCA8}"
EndProject
Project("{9A19103F-16F7-4668-BE54-9A1E7A4F7556}") = "169-MajorityElement-Advanced", "169-MajorityElement-Advanced\169-MajorityElement-Advanced.csproj", "{6332F17F-CCAD-43E3-95DA-D2FC2B274595}"
EndProject
Project("{9A19103F-16F7-4668-BE54-9A1E7A4F7556}") = "26-RemoveDuplicatesfromSortedArray", "26-RemoveDuplicatesfromSortedArray\26-RemoveDuplicatesfromSortedArray.csproj", "{7B295421-A008-4499-9B62-A16D4EC7B8F0}"
EndProject
Project("{9A19103F-16F7-4668-BE54-9A1E7A4F7556}") = "125-ValidPalindrome", "125-ValidPalindrome\125-ValidPalindrome.csproj", "{C04DCA16-40D6-4AB5-88BC-19DD4950E66A}"
EndProject
Project("{9A19103F-16F7-4668-BE54-9A1E7A4F7556}") = "191-Numberof1Bits", "191-Numberof1Bits\191-Numberof1Bits.csproj", "{12C91E4A-F946-49A0-B15A-B1EAFAF35760}"
EndProject
Project("{FAE04EC0-301F-11D3-BF4B-00C04F79EFBC}") = "338-CountingBits", "338-CountingBits\338-CountingBits.csproj", "{300935AA-07F1-48BA-A666-355C9C21668E}"
EndProject
Global
	GlobalSection(SolutionConfigurationPlatforms) = preSolution
		Debug|Any CPU = Debug|Any CPU
		Release|Any CPU = Release|Any CPU
	EndGlobalSection
	GlobalSection(ProjectConfigurationPlatforms) = postSolution
		{F4609178-AA3B-4588-8133-0DCB11396444}.Debug|Any CPU.ActiveCfg = Debug|Any CPU
		{F4609178-AA3B-4588-8133-0DCB11396444}.Debug|Any CPU.Build.0 = Debug|Any CPU
		{F4609178-AA3B-4588-8133-0DCB11396444}.Release|Any CPU.ActiveCfg = Release|Any CPU
		{F4609178-AA3B-4588-8133-0DCB11396444}.Release|Any CPU.Build.0 = Release|Any CPU
		{69C43A7C-78EE-46D5-8B78-5D2C97A3D1DF}.Debug|Any CPU.ActiveCfg = Debug|Any CPU
		{69C43A7C-78EE-46D5-8B78-5D2C97A3D1DF}.Debug|Any CPU.Build.0 = Debug|Any CPU
		{69C43A7C-78EE-46D5-8B78-5D2C97A3D1DF}.Release|Any CPU.ActiveCfg = Release|Any CPU
		{69C43A7C-78EE-46D5-8B78-5D2C97A3D1DF}.Release|Any CPU.Build.0 = Release|Any CPU
		{3DDBDCB0-E480-4A17-9AD5-09FDDA90401F}.Debug|Any CPU.ActiveCfg = Debug|Any CPU
		{3DDBDCB0-E480-4A17-9AD5-09FDDA90401F}.Debug|Any CPU.Build.0 = Debug|Any CPU
		{3DDBDCB0-E480-4A17-9AD5-09FDDA90401F}.Release|Any CPU.ActiveCfg = Release|Any CPU
		{3DDBDCB0-E480-4A17-9AD5-09FDDA90401F}.Release|Any CPU.Build.0 = Release|Any CPU
		{72D2E2C6-17F4-4A4F-8934-3E60B4D08433}.Debug|Any CPU.ActiveCfg = Debug|Any CPU
		{72D2E2C6-17F4-4A4F-8934-3E60B4D08433}.Debug|Any CPU.Build.0 = Debug|Any CPU
		{72D2E2C6-17F4-4A4F-8934-3E60B4D08433}.Release|Any CPU.ActiveCfg = Release|Any CPU
		{72D2E2C6-17F4-4A4F-8934-3E60B4D08433}.Release|Any CPU.Build.0 = Release|Any CPU
		{634DFADD-87CB-4B96-A0C4-A71E672A432B}.Debug|Any CPU.ActiveCfg = Debug|Any CPU
		{634DFADD-87CB-4B96-A0C4-A71E672A432B}.Debug|Any CPU.Build.0 = Debug|Any CPU
		{634DFADD-87CB-4B96-A0C4-A71E672A432B}.Release|Any CPU.ActiveCfg = Release|Any CPU
		{634DFADD-87CB-4B96-A0C4-A71E672A432B}.Release|Any CPU.Build.0 = Release|Any CPU
		{1D24097C-CB98-4AD2-8498-1AA6CC199BFC}.Debug|Any CPU.ActiveCfg = Debug|Any CPU
		{1D24097C-CB98-4AD2-8498-1AA6CC199BFC}.Debug|Any CPU.Build.0 = Debug|Any CPU
		{1D24097C-CB98-4AD2-8498-1AA6CC199BFC}.Release|Any CPU.ActiveCfg = Release|Any CPU
		{1D24097C-CB98-4AD2-8498-1AA6CC199BFC}.Release|Any CPU.Build.0 = Release|Any CPU
		{5530C5C8-FA9E-4ABF-B255-49C26A5EAC84}.Debug|Any CPU.ActiveCfg = Debug|Any CPU
		{5530C5C8-FA9E-4ABF-B255-49C26A5EAC84}.Debug|Any CPU.Build.0 = Debug|Any CPU
		{5530C5C8-FA9E-4ABF-B255-49C26A5EAC84}.Release|Any CPU.ActiveCfg = Release|Any CPU
		{5530C5C8-FA9E-4ABF-B255-49C26A5EAC84}.Release|Any CPU.Build.0 = Release|Any CPU
		{C3673759-54D0-444D-8538-A6729DABEC88}.Debug|Any CPU.ActiveCfg = Debug|Any CPU
		{C3673759-54D0-444D-8538-A6729DABEC88}.Debug|Any CPU.Build.0 = Debug|Any CPU
		{C3673759-54D0-444D-8538-A6729DABEC88}.Release|Any CPU.ActiveCfg = Release|Any CPU
		{C3673759-54D0-444D-8538-A6729DABEC88}.Release|Any CPU.Build.0 = Release|Any CPU
		{AF06B63A-68D8-46CF-9ECE-062924F6C2BC}.Debug|Any CPU.ActiveCfg = Debug|Any CPU
		{AF06B63A-68D8-46CF-9ECE-062924F6C2BC}.Debug|Any CPU.Build.0 = Debug|Any CPU
		{AF06B63A-68D8-46CF-9ECE-062924F6C2BC}.Release|Any CPU.ActiveCfg = Release|Any CPU
		{AF06B63A-68D8-46CF-9ECE-062924F6C2BC}.Release|Any CPU.Build.0 = Release|Any CPU
		{F9689F86-A418-4BAF-8A21-6ED1F9C2DE23}.Debug|Any CPU.ActiveCfg = Debug|Any CPU
		{F9689F86-A418-4BAF-8A21-6ED1F9C2DE23}.Debug|Any CPU.Build.0 = Debug|Any CPU
		{F9689F86-A418-4BAF-8A21-6ED1F9C2DE23}.Release|Any CPU.ActiveCfg = Release|Any CPU
		{F9689F86-A418-4BAF-8A21-6ED1F9C2DE23}.Release|Any CPU.Build.0 = Release|Any CPU
		{A8C1E615-0F1E-4BF6-ACE3-04514CEA1508}.Debug|Any CPU.ActiveCfg = Debug|Any CPU
		{A8C1E615-0F1E-4BF6-ACE3-04514CEA1508}.Debug|Any CPU.Build.0 = Debug|Any CPU
		{A8C1E615-0F1E-4BF6-ACE3-04514CEA1508}.Release|Any CPU.ActiveCfg = Release|Any CPU
		{A8C1E615-0F1E-4BF6-ACE3-04514CEA1508}.Release|Any CPU.Build.0 = Release|Any CPU
		{529F37B4-96A2-4C45-8CE5-85E447D21573}.Debug|Any CPU.ActiveCfg = Debug|Any CPU
		{529F37B4-96A2-4C45-8CE5-85E447D21573}.Debug|Any CPU.Build.0 = Debug|Any CPU
		{529F37B4-96A2-4C45-8CE5-85E447D21573}.Release|Any CPU.ActiveCfg = Release|Any CPU
		{529F37B4-96A2-4C45-8CE5-85E447D21573}.Release|Any CPU.Build.0 = Release|Any CPU
		{D5CEE7AE-358C-458C-AB31-E49F5282283F}.Debug|Any CPU.ActiveCfg = Debug|Any CPU
		{D5CEE7AE-358C-458C-AB31-E49F5282283F}.Debug|Any CPU.Build.0 = Debug|Any CPU
		{D5CEE7AE-358C-458C-AB31-E49F5282283F}.Release|Any CPU.ActiveCfg = Release|Any CPU
		{D5CEE7AE-358C-458C-AB31-E49F5282283F}.Release|Any CPU.Build.0 = Release|Any CPU
		{B0D7335C-9CF3-4B1E-8790-D36C5FF8C885}.Debug|Any CPU.ActiveCfg = Debug|Any CPU
		{B0D7335C-9CF3-4B1E-8790-D36C5FF8C885}.Debug|Any CPU.Build.0 = Debug|Any CPU
		{B0D7335C-9CF3-4B1E-8790-D36C5FF8C885}.Release|Any CPU.ActiveCfg = Release|Any CPU
		{B0D7335C-9CF3-4B1E-8790-D36C5FF8C885}.Release|Any CPU.Build.0 = Release|Any CPU
		{4844F2B8-77B6-4032-99F4-FA8AC382B417}.Debug|Any CPU.ActiveCfg = Debug|Any CPU
		{4844F2B8-77B6-4032-99F4-FA8AC382B417}.Debug|Any CPU.Build.0 = Debug|Any CPU
		{4844F2B8-77B6-4032-99F4-FA8AC382B417}.Release|Any CPU.ActiveCfg = Release|Any CPU
		{4844F2B8-77B6-4032-99F4-FA8AC382B417}.Release|Any CPU.Build.0 = Release|Any CPU
		{E52E463B-08DA-4EFA-BAEF-268B11776302}.Debug|Any CPU.ActiveCfg = Debug|Any CPU
		{E52E463B-08DA-4EFA-BAEF-268B11776302}.Debug|Any CPU.Build.0 = Debug|Any CPU
		{E52E463B-08DA-4EFA-BAEF-268B11776302}.Release|Any CPU.ActiveCfg = Release|Any CPU
		{E52E463B-08DA-4EFA-BAEF-268B11776302}.Release|Any CPU.Build.0 = Release|Any CPU
		{EA408DF7-F116-4C70-B624-CDB32530CBD2}.Debug|Any CPU.ActiveCfg = Debug|Any CPU
		{EA408DF7-F116-4C70-B624-CDB32530CBD2}.Debug|Any CPU.Build.0 = Debug|Any CPU
		{EA408DF7-F116-4C70-B624-CDB32530CBD2}.Release|Any CPU.ActiveCfg = Release|Any CPU
		{EA408DF7-F116-4C70-B624-CDB32530CBD2}.Release|Any CPU.Build.0 = Release|Any CPU
		{4794C34B-0758-4693-BCB0-2918A0CADCAF}.Debug|Any CPU.ActiveCfg = Debug|Any CPU
		{4794C34B-0758-4693-BCB0-2918A0CADCAF}.Debug|Any CPU.Build.0 = Debug|Any CPU
		{4794C34B-0758-4693-BCB0-2918A0CADCAF}.Release|Any CPU.ActiveCfg = Release|Any CPU
		{4794C34B-0758-4693-BCB0-2918A0CADCAF}.Release|Any CPU.Build.0 = Release|Any CPU
		{49DDA031-3731-45C6-8960-B84CDDEB6FE6}.Debug|Any CPU.ActiveCfg = Debug|Any CPU
		{49DDA031-3731-45C6-8960-B84CDDEB6FE6}.Debug|Any CPU.Build.0 = Debug|Any CPU
		{49DDA031-3731-45C6-8960-B84CDDEB6FE6}.Release|Any CPU.ActiveCfg = Release|Any CPU
		{49DDA031-3731-45C6-8960-B84CDDEB6FE6}.Release|Any CPU.Build.0 = Release|Any CPU
		{D9315B3E-DCD1-45CC-9B27-6965AF826733}.Debug|Any CPU.ActiveCfg = Debug|Any CPU
		{D9315B3E-DCD1-45CC-9B27-6965AF826733}.Debug|Any CPU.Build.0 = Debug|Any CPU
		{D9315B3E-DCD1-45CC-9B27-6965AF826733}.Release|Any CPU.ActiveCfg = Release|Any CPU
		{D9315B3E-DCD1-45CC-9B27-6965AF826733}.Release|Any CPU.Build.0 = Release|Any CPU
		{221411F3-F162-4687-B65D-1F0C45879E4D}.Debug|Any CPU.ActiveCfg = Debug|Any CPU
		{221411F3-F162-4687-B65D-1F0C45879E4D}.Debug|Any CPU.Build.0 = Debug|Any CPU
		{221411F3-F162-4687-B65D-1F0C45879E4D}.Release|Any CPU.ActiveCfg = Release|Any CPU
		{221411F3-F162-4687-B65D-1F0C45879E4D}.Release|Any CPU.Build.0 = Release|Any CPU
		{A713F9B8-658B-417B-B1DC-551416D448BA}.Debug|Any CPU.ActiveCfg = Debug|Any CPU
		{A713F9B8-658B-417B-B1DC-551416D448BA}.Debug|Any CPU.Build.0 = Debug|Any CPU
		{A713F9B8-658B-417B-B1DC-551416D448BA}.Release|Any CPU.ActiveCfg = Release|Any CPU
		{A713F9B8-658B-417B-B1DC-551416D448BA}.Release|Any CPU.Build.0 = Release|Any CPU
		{DF809234-BF67-43E0-9C1F-D0DF2CE774F1}.Debug|Any CPU.ActiveCfg = Debug|Any CPU
		{DF809234-BF67-43E0-9C1F-D0DF2CE774F1}.Debug|Any CPU.Build.0 = Debug|Any CPU
		{DF809234-BF67-43E0-9C1F-D0DF2CE774F1}.Release|Any CPU.ActiveCfg = Release|Any CPU
		{DF809234-BF67-43E0-9C1F-D0DF2CE774F1}.Release|Any CPU.Build.0 = Release|Any CPU
		{ED86CBAD-5461-46DC-93B5-3A1A18AA977B}.Debug|Any CPU.ActiveCfg = Debug|Any CPU
		{ED86CBAD-5461-46DC-93B5-3A1A18AA977B}.Debug|Any CPU.Build.0 = Debug|Any CPU
		{ED86CBAD-5461-46DC-93B5-3A1A18AA977B}.Release|Any CPU.ActiveCfg = Release|Any CPU
		{ED86CBAD-5461-46DC-93B5-3A1A18AA977B}.Release|Any CPU.Build.0 = Release|Any CPU
		{FD94C2F2-8439-48AB-A554-BD48624D7D83}.Debug|Any CPU.ActiveCfg = Debug|Any CPU
		{FD94C2F2-8439-48AB-A554-BD48624D7D83}.Debug|Any CPU.Build.0 = Debug|Any CPU
		{FD94C2F2-8439-48AB-A554-BD48624D7D83}.Release|Any CPU.ActiveCfg = Release|Any CPU
		{FD94C2F2-8439-48AB-A554-BD48624D7D83}.Release|Any CPU.Build.0 = Release|Any CPU
		{9D06CB90-021D-4D37-9306-4B7C3C0A68F0}.Debug|Any CPU.ActiveCfg = Debug|Any CPU
		{9D06CB90-021D-4D37-9306-4B7C3C0A68F0}.Debug|Any CPU.Build.0 = Debug|Any CPU
		{9D06CB90-021D-4D37-9306-4B7C3C0A68F0}.Release|Any CPU.ActiveCfg = Release|Any CPU
		{9D06CB90-021D-4D37-9306-4B7C3C0A68F0}.Release|Any CPU.Build.0 = Release|Any CPU
		{DF97EBB2-1265-4ACC-A305-01AD06AF08D8}.Debug|Any CPU.ActiveCfg = Debug|Any CPU
		{DF97EBB2-1265-4ACC-A305-01AD06AF08D8}.Debug|Any CPU.Build.0 = Debug|Any CPU
		{DF97EBB2-1265-4ACC-A305-01AD06AF08D8}.Release|Any CPU.ActiveCfg = Release|Any CPU
		{DF97EBB2-1265-4ACC-A305-01AD06AF08D8}.Release|Any CPU.Build.0 = Release|Any CPU
		{50EA5642-FF63-49D3-9144-CFC51B3DE73B}.Debug|Any CPU.ActiveCfg = Debug|Any CPU
		{50EA5642-FF63-49D3-9144-CFC51B3DE73B}.Debug|Any CPU.Build.0 = Debug|Any CPU
		{50EA5642-FF63-49D3-9144-CFC51B3DE73B}.Release|Any CPU.ActiveCfg = Release|Any CPU
		{50EA5642-FF63-49D3-9144-CFC51B3DE73B}.Release|Any CPU.Build.0 = Release|Any CPU
		{12CF1E14-D904-48B5-829B-177656CFCBE6}.Debug|Any CPU.ActiveCfg = Debug|Any CPU
		{12CF1E14-D904-48B5-829B-177656CFCBE6}.Debug|Any CPU.Build.0 = Debug|Any CPU
		{12CF1E14-D904-48B5-829B-177656CFCBE6}.Release|Any CPU.ActiveCfg = Release|Any CPU
		{12CF1E14-D904-48B5-829B-177656CFCBE6}.Release|Any CPU.Build.0 = Release|Any CPU
		{2A5C7DDA-5C17-4EA3-A90F-2D69E4BB2A39}.Debug|Any CPU.ActiveCfg = Debug|Any CPU
		{2A5C7DDA-5C17-4EA3-A90F-2D69E4BB2A39}.Debug|Any CPU.Build.0 = Debug|Any CPU
		{2A5C7DDA-5C17-4EA3-A90F-2D69E4BB2A39}.Release|Any CPU.ActiveCfg = Release|Any CPU
		{2A5C7DDA-5C17-4EA3-A90F-2D69E4BB2A39}.Release|Any CPU.Build.0 = Release|Any CPU
		{CC294CB9-46CA-4F3A-AA22-FF509FC542D2}.Debug|Any CPU.ActiveCfg = Debug|Any CPU
		{CC294CB9-46CA-4F3A-AA22-FF509FC542D2}.Debug|Any CPU.Build.0 = Debug|Any CPU
		{CC294CB9-46CA-4F3A-AA22-FF509FC542D2}.Release|Any CPU.ActiveCfg = Release|Any CPU
		{CC294CB9-46CA-4F3A-AA22-FF509FC542D2}.Release|Any CPU.Build.0 = Release|Any CPU
		{FC65168D-3285-4907-9BB8-1C7B5DBCFD22}.Debug|Any CPU.ActiveCfg = Debug|Any CPU
		{FC65168D-3285-4907-9BB8-1C7B5DBCFD22}.Debug|Any CPU.Build.0 = Debug|Any CPU
		{FC65168D-3285-4907-9BB8-1C7B5DBCFD22}.Release|Any CPU.ActiveCfg = Release|Any CPU
		{FC65168D-3285-4907-9BB8-1C7B5DBCFD22}.Release|Any CPU.Build.0 = Release|Any CPU
		{11D660AE-2FD1-4E0E-B058-9330433B4353}.Debug|Any CPU.ActiveCfg = Debug|Any CPU
		{11D660AE-2FD1-4E0E-B058-9330433B4353}.Debug|Any CPU.Build.0 = Debug|Any CPU
		{11D660AE-2FD1-4E0E-B058-9330433B4353}.Release|Any CPU.ActiveCfg = Release|Any CPU
		{11D660AE-2FD1-4E0E-B058-9330433B4353}.Release|Any CPU.Build.0 = Release|Any CPU
		{8219F550-234C-4FE8-ABF3-8A8933CB4149}.Debug|Any CPU.ActiveCfg = Debug|Any CPU
		{8219F550-234C-4FE8-ABF3-8A8933CB4149}.Debug|Any CPU.Build.0 = Debug|Any CPU
		{8219F550-234C-4FE8-ABF3-8A8933CB4149}.Release|Any CPU.ActiveCfg = Release|Any CPU
		{8219F550-234C-4FE8-ABF3-8A8933CB4149}.Release|Any CPU.Build.0 = Release|Any CPU
		{A6DAA2CB-2461-47B7-8984-D26CDFBE0AF5}.Debug|Any CPU.ActiveCfg = Debug|Any CPU
		{A6DAA2CB-2461-47B7-8984-D26CDFBE0AF5}.Debug|Any CPU.Build.0 = Debug|Any CPU
		{A6DAA2CB-2461-47B7-8984-D26CDFBE0AF5}.Release|Any CPU.ActiveCfg = Release|Any CPU
		{A6DAA2CB-2461-47B7-8984-D26CDFBE0AF5}.Release|Any CPU.Build.0 = Release|Any CPU
		{E113A435-0127-40E7-9876-E6913CE1FCA8}.Debug|Any CPU.ActiveCfg = Debug|Any CPU
		{E113A435-0127-40E7-9876-E6913CE1FCA8}.Debug|Any CPU.Build.0 = Debug|Any CPU
		{E113A435-0127-40E7-9876-E6913CE1FCA8}.Release|Any CPU.ActiveCfg = Release|Any CPU
		{E113A435-0127-40E7-9876-E6913CE1FCA8}.Release|Any CPU.Build.0 = Release|Any CPU
		{6332F17F-CCAD-43E3-95DA-D2FC2B274595}.Debug|Any CPU.ActiveCfg = Debug|Any CPU
		{6332F17F-CCAD-43E3-95DA-D2FC2B274595}.Debug|Any CPU.Build.0 = Debug|Any CPU
		{6332F17F-CCAD-43E3-95DA-D2FC2B274595}.Release|Any CPU.ActiveCfg = Release|Any CPU
		{6332F17F-CCAD-43E3-95DA-D2FC2B274595}.Release|Any CPU.Build.0 = Release|Any CPU
		{7B295421-A008-4499-9B62-A16D4EC7B8F0}.Debug|Any CPU.ActiveCfg = Debug|Any CPU
		{7B295421-A008-4499-9B62-A16D4EC7B8F0}.Debug|Any CPU.Build.0 = Debug|Any CPU
		{7B295421-A008-4499-9B62-A16D4EC7B8F0}.Release|Any CPU.ActiveCfg = Release|Any CPU
		{7B295421-A008-4499-9B62-A16D4EC7B8F0}.Release|Any CPU.Build.0 = Release|Any CPU
		{C04DCA16-40D6-4AB5-88BC-19DD4950E66A}.Debug|Any CPU.ActiveCfg = Debug|Any CPU
		{C04DCA16-40D6-4AB5-88BC-19DD4950E66A}.Debug|Any CPU.Build.0 = Debug|Any CPU
		{C04DCA16-40D6-4AB5-88BC-19DD4950E66A}.Release|Any CPU.ActiveCfg = Release|Any CPU
		{C04DCA16-40D6-4AB5-88BC-19DD4950E66A}.Release|Any CPU.Build.0 = Release|Any CPU
		{12C91E4A-F946-49A0-B15A-B1EAFAF35760}.Debug|Any CPU.ActiveCfg = Debug|Any CPU
		{12C91E4A-F946-49A0-B15A-B1EAFAF35760}.Debug|Any CPU.Build.0 = Debug|Any CPU
		{12C91E4A-F946-49A0-B15A-B1EAFAF35760}.Release|Any CPU.ActiveCfg = Release|Any CPU
		{12C91E4A-F946-49A0-B15A-B1EAFAF35760}.Release|Any CPU.Build.0 = Release|Any CPU
		{300935AA-07F1-48BA-A666-355C9C21668E}.Debug|Any CPU.ActiveCfg = Debug|Any CPU
		{300935AA-07F1-48BA-A666-355C9C21668E}.Debug|Any CPU.Build.0 = Debug|Any CPU
		{300935AA-07F1-48BA-A666-355C9C21668E}.Release|Any CPU.ActiveCfg = Release|Any CPU
		{300935AA-07F1-48BA-A666-355C9C21668E}.Release|Any CPU.Build.0 = Release|Any CPU
	EndGlobalSection
	GlobalSection(SolutionProperties) = preSolution
		HideSolutionNode = FALSE
	EndGlobalSection
	GlobalSection(NestedProjects) = preSolution
		{F4609178-AA3B-4588-8133-0DCB11396444} = {EC18B69B-598C-48A0-A669-2C5CCED172FE}
		{69C43A7C-78EE-46D5-8B78-5D2C97A3D1DF} = {EC18B69B-598C-48A0-A669-2C5CCED172FE}
		{3DDBDCB0-E480-4A17-9AD5-09FDDA90401F} = {EC18B69B-598C-48A0-A669-2C5CCED172FE}
		{72D2E2C6-17F4-4A4F-8934-3E60B4D08433} = {EC18B69B-598C-48A0-A669-2C5CCED172FE}
		{634DFADD-87CB-4B96-A0C4-A71E672A432B} = {2ABFA086-F356-47F8-8E9B-3A83168AD0B8}
		{1D24097C-CB98-4AD2-8498-1AA6CC199BFC} = {2ABFA086-F356-47F8-8E9B-3A83168AD0B8}
		{5530C5C8-FA9E-4ABF-B255-49C26A5EAC84} = {6CCB166D-9C8F-4FAD-95F2-690D981D0A89}
		{C3673759-54D0-444D-8538-A6729DABEC88} = {2ABFA086-F356-47F8-8E9B-3A83168AD0B8}
		{AF06B63A-68D8-46CF-9ECE-062924F6C2BC} = {2ABFA086-F356-47F8-8E9B-3A83168AD0B8}
		{F9689F86-A418-4BAF-8A21-6ED1F9C2DE23} = {2ABFA086-F356-47F8-8E9B-3A83168AD0B8}
		{A8C1E615-0F1E-4BF6-ACE3-04514CEA1508} = {2ABFA086-F356-47F8-8E9B-3A83168AD0B8}
		{529F37B4-96A2-4C45-8CE5-85E447D21573} = {2ABFA086-F356-47F8-8E9B-3A83168AD0B8}
		{D5CEE7AE-358C-458C-AB31-E49F5282283F} = {2ABFA086-F356-47F8-8E9B-3A83168AD0B8}
		{B0D7335C-9CF3-4B1E-8790-D36C5FF8C885} = {2ABFA086-F356-47F8-8E9B-3A83168AD0B8}
		{4844F2B8-77B6-4032-99F4-FA8AC382B417} = {B2679589-C76B-4887-98D2-2914BFAA9AF7}
		{E52E463B-08DA-4EFA-BAEF-268B11776302} = {B2679589-C76B-4887-98D2-2914BFAA9AF7}
		{EA408DF7-F116-4C70-B624-CDB32530CBD2} = {B2679589-C76B-4887-98D2-2914BFAA9AF7}
		{4794C34B-0758-4693-BCB0-2918A0CADCAF} = {B2679589-C76B-4887-98D2-2914BFAA9AF7}
		{49DDA031-3731-45C6-8960-B84CDDEB6FE6} = {B2679589-C76B-4887-98D2-2914BFAA9AF7}
		{D9315B3E-DCD1-45CC-9B27-6965AF826733} = {B2679589-C76B-4887-98D2-2914BFAA9AF7}
		{221411F3-F162-4687-B65D-1F0C45879E4D} = {B2679589-C76B-4887-98D2-2914BFAA9AF7}
		{A713F9B8-658B-417B-B1DC-551416D448BA} = {B2679589-C76B-4887-98D2-2914BFAA9AF7}
		{DF809234-BF67-43E0-9C1F-D0DF2CE774F1} = {B2679589-C76B-4887-98D2-2914BFAA9AF7}
		{ED86CBAD-5461-46DC-93B5-3A1A18AA977B} = {F1332C0D-7366-47ED-8D8D-BF1A9241233B}
		{FD94C2F2-8439-48AB-A554-BD48624D7D83} = {EC18B69B-598C-48A0-A669-2C5CCED172FE}
		{9D06CB90-021D-4D37-9306-4B7C3C0A68F0} = {EC18B69B-598C-48A0-A669-2C5CCED172FE}
		{DF97EBB2-1265-4ACC-A305-01AD06AF08D8} = {EC18B69B-598C-48A0-A669-2C5CCED172FE}
		{50EA5642-FF63-49D3-9144-CFC51B3DE73B} = {EC18B69B-598C-48A0-A669-2C5CCED172FE}
		{12CF1E14-D904-48B5-829B-177656CFCBE6} = {EC18B69B-598C-48A0-A669-2C5CCED172FE}
		{2A5C7DDA-5C17-4EA3-A90F-2D69E4BB2A39} = {51D042AB-D6CC-4B18-9FD1-FEF353645AD1}
		{CC294CB9-46CA-4F3A-AA22-FF509FC542D2} = {EC18B69B-598C-48A0-A669-2C5CCED172FE}
		{FC65168D-3285-4907-9BB8-1C7B5DBCFD22} = {51D042AB-D6CC-4B18-9FD1-FEF353645AD1}
		{11D660AE-2FD1-4E0E-B058-9330433B4353} = {12F57F5D-AEAA-42AA-BC69-C9961A07B32E}
		{8219F550-234C-4FE8-ABF3-8A8933CB4149} = {EC18B69B-598C-48A0-A669-2C5CCED172FE}
		{A6DAA2CB-2461-47B7-8984-D26CDFBE0AF5} = {EC18B69B-598C-48A0-A669-2C5CCED172FE}
		{E113A435-0127-40E7-9876-E6913CE1FCA8} = {EC18B69B-598C-48A0-A669-2C5CCED172FE}
		{6332F17F-CCAD-43E3-95DA-D2FC2B274595} = {EC18B69B-598C-48A0-A669-2C5CCED172FE}
		{7B295421-A008-4499-9B62-A16D4EC7B8F0} = {EC18B69B-598C-48A0-A669-2C5CCED172FE}
		{C04DCA16-40D6-4AB5-88BC-19DD4950E66A} = {EC18B69B-598C-48A0-A669-2C5CCED172FE}
		{12C91E4A-F946-49A0-B15A-B1EAFAF35760} = {EC18B69B-598C-48A0-A669-2C5CCED172FE}
		{300935AA-07F1-48BA-A666-355C9C21668E} = {EC18B69B-598C-48A0-A669-2C5CCED172FE}
	EndGlobalSection
	GlobalSection(ExtensibilityGlobals) = postSolution
		SolutionGuid = {93E16415-A8FD-4070-88D4-CCA20AC99894}
	EndGlobalSection
EndGlobal
